// !$*UTF8*$!
{
	archiveVersion = 1;
	classes = {
	};
	objectVersion = 56;
	objects = {

/* Begin PBXBuildFile section */
		732B70A62C32C73A00A41AFA /* LMIRangeSlider.swift in Sources */ = {isa = PBXBuildFile; fileRef = 732B70A52C32C73A00A41AFA /* LMIRangeSlider.swift */; };
		734DEC382BD6A7F800EAFF20 /* CocktailDetailsCell.swift in Sources */ = {isa = PBXBuildFile; fileRef = 734DEC372BD6A7F800EAFF20 /* CocktailDetailsCell.swift */; };
		736F459D2C22FCB90059B120 /* FilterVC.swift in Sources */ = {isa = PBXBuildFile; fileRef = 736F459C2C22FCB90059B120 /* FilterVC.swift */; };
		737B97D22BEFA1AF004F1B50 /* FavoriteCocktailCell.swift in Sources */ = {isa = PBXBuildFile; fileRef = 737B97D12BEFA1AF004F1B50 /* FavoriteCocktailCell.swift */; };
		738AE6812BD2BAE500A55595 /* AppDelegate.swift in Sources */ = {isa = PBXBuildFile; fileRef = 738AE6802BD2BAE500A55595 /* AppDelegate.swift */; };
		738AE6832BD2BAE500A55595 /* SceneDelegate.swift in Sources */ = {isa = PBXBuildFile; fileRef = 738AE6822BD2BAE500A55595 /* SceneDelegate.swift */; };
		738AE68A2BD2BAE600A55595 /* Assets.xcassets in Resources */ = {isa = PBXBuildFile; fileRef = 738AE6892BD2BAE600A55595 /* Assets.xcassets */; };
		738AE68D2BD2BAE600A55595 /* LaunchScreen.storyboard in Resources */ = {isa = PBXBuildFile; fileRef = 738AE68B2BD2BAE600A55595 /* LaunchScreen.storyboard */; };
		738AE6982BD2BAE600A55595 /* LetsMixItTests.swift in Sources */ = {isa = PBXBuildFile; fileRef = 738AE6972BD2BAE600A55595 /* LetsMixItTests.swift */; };
		738AE6A22BD2BAE600A55595 /* LetsMixItUITests.swift in Sources */ = {isa = PBXBuildFile; fileRef = 738AE6A12BD2BAE600A55595 /* LetsMixItUITests.swift */; };
		738AE6A42BD2BAE600A55595 /* LetsMixItUITestsLaunchTests.swift in Sources */ = {isa = PBXBuildFile; fileRef = 738AE6A32BD2BAE600A55595 /* LetsMixItUITestsLaunchTests.swift */; };
		738AE6B12BD2F4BA00A55595 /* LMITabBarController.swift in Sources */ = {isa = PBXBuildFile; fileRef = 738AE6B02BD2F4BA00A55595 /* LMITabBarController.swift */; };
		738AE6B32BD2F74000A55595 /* CocktailsLIstVC.swift in Sources */ = {isa = PBXBuildFile; fileRef = 738AE6B22BD2F74000A55595 /* CocktailsLIstVC.swift */; };
		738AE6B52BD2F76800A55595 /* FavoritesCocktailsVC.swift in Sources */ = {isa = PBXBuildFile; fileRef = 738AE6B42BD2F76800A55595 /* FavoritesCocktailsVC.swift */; };
		738AE6B92BD315AB00A55595 /* cocktailsData.json in Resources */ = {isa = PBXBuildFile; fileRef = 738AE6B82BD315AA00A55595 /* cocktailsData.json */; };
		738AE6BC2BD3C43E00A55595 /* Cocktail.swift in Sources */ = {isa = PBXBuildFile; fileRef = 738AE6BB2BD3C43E00A55595 /* Cocktail.swift */; };
		738AE6C52BD3E88300A55595 /* CocktailCell.swift in Sources */ = {isa = PBXBuildFile; fileRef = 738AE6C42BD3E88300A55595 /* CocktailCell.swift */; };
		738AE6C82BD3E8C600A55595 /* UIHelper.swift in Sources */ = {isa = PBXBuildFile; fileRef = 738AE6C72BD3E8C600A55595 /* UIHelper.swift */; };
		738AE6CA2BD3E95F00A55595 /* CocktailInfoVC.swift in Sources */ = {isa = PBXBuildFile; fileRef = 738AE6C92BD3E95F00A55595 /* CocktailInfoVC.swift */; };
		738AE6CD2BD3EF7100A55595 /* Color+Ext.swift in Sources */ = {isa = PBXBuildFile; fileRef = 738AE6CC2BD3EF7100A55595 /* Color+Ext.swift */; };
		738AE6D12BD4637900A55595 /* Proof+Ext.swift in Sources */ = {isa = PBXBuildFile; fileRef = 738AE6D02BD4637900A55595 /* Proof+Ext.swift */; };
		738AE6D42BD5539A00A55595 /* LMIProofView.swift in Sources */ = {isa = PBXBuildFile; fileRef = 738AE6D32BD5539A00A55595 /* LMIProofView.swift */; };
		73CB90F72BDD2C6C00A3B8EA /* PersistanceManager.swift in Sources */ = {isa = PBXBuildFile; fileRef = 73CB90F62BDD2C6C00A3B8EA /* PersistanceManager.swift */; };
		73CB90F92BDD2D5100A3B8EA /* LMIError.swift in Sources */ = {isa = PBXBuildFile; fileRef = 73CB90F82BDD2D5100A3B8EA /* LMIError.swift */; };
		73D14EC82BDA8B0C00E23CD1 /* CocktailDescriptionCell.swift in Sources */ = {isa = PBXBuildFile; fileRef = 73D14EC72BDA8B0C00E23CD1 /* CocktailDescriptionCell.swift */; };
		73D14ECA2BDA8B5700E23CD1 /* HeaderForCocktailsDeatails.swift in Sources */ = {isa = PBXBuildFile; fileRef = 73D14EC92BDA8B5700E23CD1 /* HeaderForCocktailsDeatails.swift */; };
		73D14ECE2BDA9A7700E23CD1 /* CocktailPhotoAndProofCell.swift in Sources */ = {isa = PBXBuildFile; fileRef = 73D14ECD2BDA9A7700E23CD1 /* CocktailPhotoAndProofCell.swift */; };
		73EB1CDE2C0E0FBB007A8675 /* JSONManager.swift in Sources */ = {isa = PBXBuildFile; fileRef = 73EB1CDD2C0E0FBB007A8675 /* JSONManager.swift */; };
/* End PBXBuildFile section */

/* Begin PBXContainerItemProxy section */
		738AE6942BD2BAE600A55595 /* PBXContainerItemProxy */ = {
			isa = PBXContainerItemProxy;
			containerPortal = 738AE6752BD2BAE500A55595 /* Project object */;
			proxyType = 1;
			remoteGlobalIDString = 738AE67C2BD2BAE500A55595;
			remoteInfo = LetsMixIt;
		};
		738AE69E2BD2BAE600A55595 /* PBXContainerItemProxy */ = {
			isa = PBXContainerItemProxy;
			containerPortal = 738AE6752BD2BAE500A55595 /* Project object */;
			proxyType = 1;
			remoteGlobalIDString = 738AE67C2BD2BAE500A55595;
			remoteInfo = LetsMixIt;
		};
/* End PBXContainerItemProxy section */

/* Begin PBXFileReference section */
		732B70A52C32C73A00A41AFA /* LMIRangeSlider.swift */ = {isa = PBXFileReference; lastKnownFileType = sourcecode.swift; path = LMIRangeSlider.swift; sourceTree = "<group>"; };
		734DEC372BD6A7F800EAFF20 /* CocktailDetailsCell.swift */ = {isa = PBXFileReference; lastKnownFileType = sourcecode.swift; path = CocktailDetailsCell.swift; sourceTree = "<group>"; };
		736F459C2C22FCB90059B120 /* FilterVC.swift */ = {isa = PBXFileReference; lastKnownFileType = sourcecode.swift; path = FilterVC.swift; sourceTree = "<group>"; };
		737B97D12BEFA1AF004F1B50 /* FavoriteCocktailCell.swift */ = {isa = PBXFileReference; lastKnownFileType = sourcecode.swift; path = FavoriteCocktailCell.swift; sourceTree = "<group>"; };
		738AE67D2BD2BAE500A55595 /* LetsMixIt.app */ = {isa = PBXFileReference; explicitFileType = wrapper.application; includeInIndex = 0; path = LetsMixIt.app; sourceTree = BUILT_PRODUCTS_DIR; };
		738AE6802BD2BAE500A55595 /* AppDelegate.swift */ = {isa = PBXFileReference; lastKnownFileType = sourcecode.swift; path = AppDelegate.swift; sourceTree = "<group>"; };
		738AE6822BD2BAE500A55595 /* SceneDelegate.swift */ = {isa = PBXFileReference; lastKnownFileType = sourcecode.swift; path = SceneDelegate.swift; sourceTree = "<group>"; };
		738AE6892BD2BAE600A55595 /* Assets.xcassets */ = {isa = PBXFileReference; lastKnownFileType = folder.assetcatalog; path = Assets.xcassets; sourceTree = "<group>"; };
		738AE68C2BD2BAE600A55595 /* Base */ = {isa = PBXFileReference; lastKnownFileType = file.storyboard; name = Base; path = Base.lproj/LaunchScreen.storyboard; sourceTree = "<group>"; };
		738AE68E2BD2BAE600A55595 /* Info.plist */ = {isa = PBXFileReference; lastKnownFileType = text.plist.xml; path = Info.plist; sourceTree = "<group>"; };
		738AE6932BD2BAE600A55595 /* LetsMixItTests.xctest */ = {isa = PBXFileReference; explicitFileType = wrapper.cfbundle; includeInIndex = 0; path = LetsMixItTests.xctest; sourceTree = BUILT_PRODUCTS_DIR; };
		738AE6972BD2BAE600A55595 /* LetsMixItTests.swift */ = {isa = PBXFileReference; lastKnownFileType = sourcecode.swift; path = LetsMixItTests.swift; sourceTree = "<group>"; };
		738AE69D2BD2BAE600A55595 /* LetsMixItUITests.xctest */ = {isa = PBXFileReference; explicitFileType = wrapper.cfbundle; includeInIndex = 0; path = LetsMixItUITests.xctest; sourceTree = BUILT_PRODUCTS_DIR; };
		738AE6A12BD2BAE600A55595 /* LetsMixItUITests.swift */ = {isa = PBXFileReference; lastKnownFileType = sourcecode.swift; path = LetsMixItUITests.swift; sourceTree = "<group>"; };
		738AE6A32BD2BAE600A55595 /* LetsMixItUITestsLaunchTests.swift */ = {isa = PBXFileReference; lastKnownFileType = sourcecode.swift; path = LetsMixItUITestsLaunchTests.swift; sourceTree = "<group>"; };
		738AE6B02BD2F4BA00A55595 /* LMITabBarController.swift */ = {isa = PBXFileReference; lastKnownFileType = sourcecode.swift; path = LMITabBarController.swift; sourceTree = "<group>"; };
		738AE6B22BD2F74000A55595 /* CocktailsLIstVC.swift */ = {isa = PBXFileReference; lastKnownFileType = sourcecode.swift; path = CocktailsLIstVC.swift; sourceTree = "<group>"; };
		738AE6B42BD2F76800A55595 /* FavoritesCocktailsVC.swift */ = {isa = PBXFileReference; lastKnownFileType = sourcecode.swift; path = FavoritesCocktailsVC.swift; sourceTree = "<group>"; };
		738AE6B82BD315AA00A55595 /* cocktailsData.json */ = {isa = PBXFileReference; fileEncoding = 4; lastKnownFileType = text.json; path = cocktailsData.json; sourceTree = "<group>"; };
		738AE6BB2BD3C43E00A55595 /* Cocktail.swift */ = {isa = PBXFileReference; lastKnownFileType = sourcecode.swift; path = Cocktail.swift; sourceTree = "<group>"; };
		738AE6C42BD3E88300A55595 /* CocktailCell.swift */ = {isa = PBXFileReference; lastKnownFileType = sourcecode.swift; path = CocktailCell.swift; sourceTree = "<group>"; };
		738AE6C72BD3E8C600A55595 /* UIHelper.swift */ = {isa = PBXFileReference; lastKnownFileType = sourcecode.swift; path = UIHelper.swift; sourceTree = "<group>"; };
		738AE6C92BD3E95F00A55595 /* CocktailInfoVC.swift */ = {isa = PBXFileReference; lastKnownFileType = sourcecode.swift; path = CocktailInfoVC.swift; sourceTree = "<group>"; };
		738AE6CC2BD3EF7100A55595 /* Color+Ext.swift */ = {isa = PBXFileReference; lastKnownFileType = sourcecode.swift; path = "Color+Ext.swift"; sourceTree = "<group>"; };
		738AE6D02BD4637900A55595 /* Proof+Ext.swift */ = {isa = PBXFileReference; lastKnownFileType = sourcecode.swift; path = "Proof+Ext.swift"; sourceTree = "<group>"; };
		738AE6D32BD5539A00A55595 /* LMIProofView.swift */ = {isa = PBXFileReference; lastKnownFileType = sourcecode.swift; path = LMIProofView.swift; sourceTree = "<group>"; };
		73CB90F62BDD2C6C00A3B8EA /* PersistanceManager.swift */ = {isa = PBXFileReference; lastKnownFileType = sourcecode.swift; path = PersistanceManager.swift; sourceTree = "<group>"; };
		73CB90F82BDD2D5100A3B8EA /* LMIError.swift */ = {isa = PBXFileReference; lastKnownFileType = sourcecode.swift; path = LMIError.swift; sourceTree = "<group>"; };
		73D14EC72BDA8B0C00E23CD1 /* CocktailDescriptionCell.swift */ = {isa = PBXFileReference; lastKnownFileType = sourcecode.swift; path = CocktailDescriptionCell.swift; sourceTree = "<group>"; };
		73D14EC92BDA8B5700E23CD1 /* HeaderForCocktailsDeatails.swift */ = {isa = PBXFileReference; lastKnownFileType = sourcecode.swift; path = HeaderForCocktailsDeatails.swift; sourceTree = "<group>"; };
		73D14ECD2BDA9A7700E23CD1 /* CocktailPhotoAndProofCell.swift */ = {isa = PBXFileReference; lastKnownFileType = sourcecode.swift; path = CocktailPhotoAndProofCell.swift; sourceTree = "<group>"; };
		73EB1CDD2C0E0FBB007A8675 /* JSONManager.swift */ = {isa = PBXFileReference; lastKnownFileType = sourcecode.swift; path = JSONManager.swift; sourceTree = "<group>"; };
/* End PBXFileReference section */

/* Begin PBXFrameworksBuildPhase section */
		738AE67A2BD2BAE500A55595 /* Frameworks */ = {
			isa = PBXFrameworksBuildPhase;
			buildActionMask = 2147483647;
			files = (
			);
			runOnlyForDeploymentPostprocessing = 0;
		};
		738AE6902BD2BAE600A55595 /* Frameworks */ = {
			isa = PBXFrameworksBuildPhase;
			buildActionMask = 2147483647;
			files = (
			);
			runOnlyForDeploymentPostprocessing = 0;
		};
		738AE69A2BD2BAE600A55595 /* Frameworks */ = {
			isa = PBXFrameworksBuildPhase;
			buildActionMask = 2147483647;
			files = (
			);
			runOnlyForDeploymentPostprocessing = 0;
		};
/* End PBXFrameworksBuildPhase section */

/* Begin PBXGroup section */
		732B70A42C32C71700A41AFA /* Controls */ = {
			isa = PBXGroup;
			children = (
				732B70A52C32C73A00A41AFA /* LMIRangeSlider.swift */,
			);
			path = Controls;
			sourceTree = "<group>";
		};
		738AE6742BD2BAE500A55595 = {
			isa = PBXGroup;
			children = (
				738AE67F2BD2BAE500A55595 /* LetsMixIt */,
				738AE6962BD2BAE600A55595 /* LetsMixItTests */,
				738AE6A02BD2BAE600A55595 /* LetsMixItUITests */,
				738AE67E2BD2BAE500A55595 /* Products */,
			);
			sourceTree = "<group>";
		};
		738AE67E2BD2BAE500A55595 /* Products */ = {
			isa = PBXGroup;
			children = (
				738AE67D2BD2BAE500A55595 /* LetsMixIt.app */,
				738AE6932BD2BAE600A55595 /* LetsMixItTests.xctest */,
				738AE69D2BD2BAE600A55595 /* LetsMixItUITests.xctest */,
			);
			name = Products;
			sourceTree = "<group>";
		};
		738AE67F2BD2BAE500A55595 /* LetsMixIt */ = {
			isa = PBXGroup;
			children = (
				73CB90F52BDD2C3500A3B8EA /* Managers */,
				738AE6CB2BD3EF5B00A55595 /* Extension */,
				738AE6C62BD3E8B900A55595 /* Utilities */,
				738AE6BA2BD3C42200A55595 /* Model */,
				738AE6C12BD3E79500A55595 /* CustomViews */,
				738AE6BF2BD3E70A00A55595 /* Screens */,
				738AE6C02BD3E73700A55595 /* Support */,
				738AE68E2BD2BAE600A55595 /* Info.plist */,
			);
			path = LetsMixIt;
			sourceTree = "<group>";
		};
		738AE6962BD2BAE600A55595 /* LetsMixItTests */ = {
			isa = PBXGroup;
			children = (
				738AE6972BD2BAE600A55595 /* LetsMixItTests.swift */,
			);
			path = LetsMixItTests;
			sourceTree = "<group>";
		};
		738AE6A02BD2BAE600A55595 /* LetsMixItUITests */ = {
			isa = PBXGroup;
			children = (
				738AE6A12BD2BAE600A55595 /* LetsMixItUITests.swift */,
				738AE6A32BD2BAE600A55595 /* LetsMixItUITestsLaunchTests.swift */,
			);
			path = LetsMixItUITests;
			sourceTree = "<group>";
		};
		738AE6BA2BD3C42200A55595 /* Model */ = {
			isa = PBXGroup;
			children = (
				738AE6BB2BD3C43E00A55595 /* Cocktail.swift */,
			);
			path = Model;
			sourceTree = "<group>";
		};
		738AE6BF2BD3E70A00A55595 /* Screens */ = {
			isa = PBXGroup;
			children = (
				738AE6B22BD2F74000A55595 /* CocktailsLIstVC.swift */,
				736F459C2C22FCB90059B120 /* FilterVC.swift */,
				738AE6C92BD3E95F00A55595 /* CocktailInfoVC.swift */,
				738AE6B42BD2F76800A55595 /* FavoritesCocktailsVC.swift */,
			);
			path = Screens;
			sourceTree = "<group>";
		};
		738AE6C02BD3E73700A55595 /* Support */ = {
			isa = PBXGroup;
			children = (
				738AE6802BD2BAE500A55595 /* AppDelegate.swift */,
				738AE6822BD2BAE500A55595 /* SceneDelegate.swift */,
				738AE6892BD2BAE600A55595 /* Assets.xcassets */,
				738AE6B82BD315AA00A55595 /* cocktailsData.json */,
				738AE68B2BD2BAE600A55595 /* LaunchScreen.storyboard */,
			);
			path = Support;
			sourceTree = "<group>";
		};
		738AE6C12BD3E79500A55595 /* CustomViews */ = {
			isa = PBXGroup;
			children = (
				732B70A42C32C71700A41AFA /* Controls */,
				738AE6D22BD5537300A55595 /* Views */,
				738AE6C32BD3E86200A55595 /* Cells */,
				738AE6C22BD3E7A000A55595 /* TabBarControllers */,
			);
			path = CustomViews;
			sourceTree = "<group>";
		};
		738AE6C22BD3E7A000A55595 /* TabBarControllers */ = {
			isa = PBXGroup;
			children = (
				738AE6B02BD2F4BA00A55595 /* LMITabBarController.swift */,
			);
			path = TabBarControllers;
			sourceTree = "<group>";
		};
		738AE6C32BD3E86200A55595 /* Cells */ = {
			isa = PBXGroup;
			children = (
				738AE6C42BD3E88300A55595 /* CocktailCell.swift */,
				73D14ECD2BDA9A7700E23CD1 /* CocktailPhotoAndProofCell.swift */,
				734DEC372BD6A7F800EAFF20 /* CocktailDetailsCell.swift */,
				73D14EC72BDA8B0C00E23CD1 /* CocktailDescriptionCell.swift */,
				73D14EC92BDA8B5700E23CD1 /* HeaderForCocktailsDeatails.swift */,
				737B97D12BEFA1AF004F1B50 /* FavoriteCocktailCell.swift */,
			);
			path = Cells;
			sourceTree = "<group>";
		};
		738AE6C62BD3E8B900A55595 /* Utilities */ = {
			isa = PBXGroup;
			children = (
				738AE6C72BD3E8C600A55595 /* UIHelper.swift */,
				73CB90F82BDD2D5100A3B8EA /* LMIError.swift */,
			);
			path = Utilities;
			sourceTree = "<group>";
		};
		738AE6CB2BD3EF5B00A55595 /* Extension */ = {
			isa = PBXGroup;
			children = (
				738AE6CC2BD3EF7100A55595 /* Color+Ext.swift */,
				738AE6D02BD4637900A55595 /* Proof+Ext.swift */,
			);
			path = Extension;
			sourceTree = "<group>";
		};
		738AE6D22BD5537300A55595 /* Views */ = {
			isa = PBXGroup;
			children = (
				738AE6D32BD5539A00A55595 /* LMIProofView.swift */,
			);
			path = Views;
			sourceTree = "<group>";
		};
		73CB90F52BDD2C3500A3B8EA /* Managers */ = {
			isa = PBXGroup;
			children = (
				73CB90F62BDD2C6C00A3B8EA /* PersistanceManager.swift */,
				73EB1CDD2C0E0FBB007A8675 /* JSONManager.swift */,
			);
			path = Managers;
			sourceTree = "<group>";
		};
/* End PBXGroup section */

/* Begin PBXNativeTarget section */
		738AE67C2BD2BAE500A55595 /* LetsMixIt */ = {
			isa = PBXNativeTarget;
			buildConfigurationList = 738AE6A72BD2BAE600A55595 /* Build configuration list for PBXNativeTarget "LetsMixIt" */;
			buildPhases = (
				738AE6792BD2BAE500A55595 /* Sources */,
				738AE67A2BD2BAE500A55595 /* Frameworks */,
				738AE67B2BD2BAE500A55595 /* Resources */,
			);
			buildRules = (
			);
			dependencies = (
			);
			name = LetsMixIt;
			packageProductDependencies = (
			);
			productName = LetsMixIt;
			productReference = 738AE67D2BD2BAE500A55595 /* LetsMixIt.app */;
			productType = "com.apple.product-type.application";
		};
		738AE6922BD2BAE600A55595 /* LetsMixItTests */ = {
			isa = PBXNativeTarget;
			buildConfigurationList = 738AE6AA2BD2BAE600A55595 /* Build configuration list for PBXNativeTarget "LetsMixItTests" */;
			buildPhases = (
				738AE68F2BD2BAE600A55595 /* Sources */,
				738AE6902BD2BAE600A55595 /* Frameworks */,
				738AE6912BD2BAE600A55595 /* Resources */,
			);
			buildRules = (
			);
			dependencies = (
				738AE6952BD2BAE600A55595 /* PBXTargetDependency */,
			);
			name = LetsMixItTests;
			productName = LetsMixItTests;
			productReference = 738AE6932BD2BAE600A55595 /* LetsMixItTests.xctest */;
			productType = "com.apple.product-type.bundle.unit-test";
		};
		738AE69C2BD2BAE600A55595 /* LetsMixItUITests */ = {
			isa = PBXNativeTarget;
			buildConfigurationList = 738AE6AD2BD2BAE600A55595 /* Build configuration list for PBXNativeTarget "LetsMixItUITests" */;
			buildPhases = (
				738AE6992BD2BAE600A55595 /* Sources */,
				738AE69A2BD2BAE600A55595 /* Frameworks */,
				738AE69B2BD2BAE600A55595 /* Resources */,
			);
			buildRules = (
			);
			dependencies = (
				738AE69F2BD2BAE600A55595 /* PBXTargetDependency */,
			);
			name = LetsMixItUITests;
			productName = LetsMixItUITests;
			productReference = 738AE69D2BD2BAE600A55595 /* LetsMixItUITests.xctest */;
			productType = "com.apple.product-type.bundle.ui-testing";
		};
/* End PBXNativeTarget section */

/* Begin PBXProject section */
		738AE6752BD2BAE500A55595 /* Project object */ = {
			isa = PBXProject;
			attributes = {
				BuildIndependentTargetsInParallel = 1;
				LastSwiftUpdateCheck = 1500;
				LastUpgradeCheck = 1500;
				TargetAttributes = {
					738AE67C2BD2BAE500A55595 = {
						CreatedOnToolsVersion = 15.0.1;
					};
					738AE6922BD2BAE600A55595 = {
						CreatedOnToolsVersion = 15.0.1;
						TestTargetID = 738AE67C2BD2BAE500A55595;
					};
					738AE69C2BD2BAE600A55595 = {
						CreatedOnToolsVersion = 15.0.1;
						TestTargetID = 738AE67C2BD2BAE500A55595;
					};
				};
			};
			buildConfigurationList = 738AE6782BD2BAE500A55595 /* Build configuration list for PBXProject "LetsMixIt" */;
			compatibilityVersion = "Xcode 14.0";
			developmentRegion = en;
			hasScannedForEncodings = 0;
			knownRegions = (
				en,
				Base,
			);
			mainGroup = 738AE6742BD2BAE500A55595;
			packageReferences = (
			);
			productRefGroup = 738AE67E2BD2BAE500A55595 /* Products */;
			projectDirPath = "";
			projectRoot = "";
			targets = (
				738AE67C2BD2BAE500A55595 /* LetsMixIt */,
				738AE6922BD2BAE600A55595 /* LetsMixItTests */,
				738AE69C2BD2BAE600A55595 /* LetsMixItUITests */,
			);
		};
/* End PBXProject section */

/* Begin PBXResourcesBuildPhase section */
		738AE67B2BD2BAE500A55595 /* Resources */ = {
			isa = PBXResourcesBuildPhase;
			buildActionMask = 2147483647;
			files = (
				738AE6B92BD315AB00A55595 /* cocktailsData.json in Resources */,
				738AE68D2BD2BAE600A55595 /* LaunchScreen.storyboard in Resources */,
				738AE68A2BD2BAE600A55595 /* Assets.xcassets in Resources */,
			);
			runOnlyForDeploymentPostprocessing = 0;
		};
		738AE6912BD2BAE600A55595 /* Resources */ = {
			isa = PBXResourcesBuildPhase;
			buildActionMask = 2147483647;
			files = (
			);
			runOnlyForDeploymentPostprocessing = 0;
		};
		738AE69B2BD2BAE600A55595 /* Resources */ = {
			isa = PBXResourcesBuildPhase;
			buildActionMask = 2147483647;
			files = (
			);
			runOnlyForDeploymentPostprocessing = 0;
		};
/* End PBXResourcesBuildPhase section */

/* Begin PBXSourcesBuildPhase section */
		738AE6792BD2BAE500A55595 /* Sources */ = {
			isa = PBXSourcesBuildPhase;
			buildActionMask = 2147483647;
			files = (
				73D14ECE2BDA9A7700E23CD1 /* CocktailPhotoAndProofCell.swift in Sources */,
				738AE6D12BD4637900A55595 /* Proof+Ext.swift in Sources */,
				73D14EC82BDA8B0C00E23CD1 /* CocktailDescriptionCell.swift in Sources */,
				73CB90F72BDD2C6C00A3B8EA /* PersistanceManager.swift in Sources */,
				738AE6D42BD5539A00A55595 /* LMIProofView.swift in Sources */,
				738AE6BC2BD3C43E00A55595 /* Cocktail.swift in Sources */,
				738AE6CA2BD3E95F00A55595 /* CocktailInfoVC.swift in Sources */,
				738AE6C52BD3E88300A55595 /* CocktailCell.swift in Sources */,
				738AE6B32BD2F74000A55595 /* CocktailsLIstVC.swift in Sources */,
				738AE6812BD2BAE500A55595 /* AppDelegate.swift in Sources */,
				738AE6B12BD2F4BA00A55595 /* LMITabBarController.swift in Sources */,
				738AE6B52BD2F76800A55595 /* FavoritesCocktailsVC.swift in Sources */,
				738AE6832BD2BAE500A55595 /* SceneDelegate.swift in Sources */,
				73EB1CDE2C0E0FBB007A8675 /* JSONManager.swift in Sources */,
				738AE6C82BD3E8C600A55595 /* UIHelper.swift in Sources */,
				736F459D2C22FCB90059B120 /* FilterVC.swift in Sources */,
				732B70A62C32C73A00A41AFA /* LMIRangeSlider.swift in Sources */,
				737B97D22BEFA1AF004F1B50 /* FavoriteCocktailCell.swift in Sources */,
				734DEC382BD6A7F800EAFF20 /* CocktailDetailsCell.swift in Sources */,
				73CB90F92BDD2D5100A3B8EA /* LMIError.swift in Sources */,
				73D14ECA2BDA8B5700E23CD1 /* HeaderForCocktailsDeatails.swift in Sources */,
				738AE6CD2BD3EF7100A55595 /* Color+Ext.swift in Sources */,
			);
			runOnlyForDeploymentPostprocessing = 0;
		};
		738AE68F2BD2BAE600A55595 /* Sources */ = {
			isa = PBXSourcesBuildPhase;
			buildActionMask = 2147483647;
			files = (
				738AE6982BD2BAE600A55595 /* LetsMixItTests.swift in Sources */,
			);
			runOnlyForDeploymentPostprocessing = 0;
		};
		738AE6992BD2BAE600A55595 /* Sources */ = {
			isa = PBXSourcesBuildPhase;
			buildActionMask = 2147483647;
			files = (
				738AE6A42BD2BAE600A55595 /* LetsMixItUITestsLaunchTests.swift in Sources */,
				738AE6A22BD2BAE600A55595 /* LetsMixItUITests.swift in Sources */,
			);
			runOnlyForDeploymentPostprocessing = 0;
		};
/* End PBXSourcesBuildPhase section */

/* Begin PBXTargetDependency section */
		738AE6952BD2BAE600A55595 /* PBXTargetDependency */ = {
			isa = PBXTargetDependency;
			target = 738AE67C2BD2BAE500A55595 /* LetsMixIt */;
			targetProxy = 738AE6942BD2BAE600A55595 /* PBXContainerItemProxy */;
		};
		738AE69F2BD2BAE600A55595 /* PBXTargetDependency */ = {
			isa = PBXTargetDependency;
			target = 738AE67C2BD2BAE500A55595 /* LetsMixIt */;
			targetProxy = 738AE69E2BD2BAE600A55595 /* PBXContainerItemProxy */;
		};
/* End PBXTargetDependency section */

/* Begin PBXVariantGroup section */
		738AE68B2BD2BAE600A55595 /* LaunchScreen.storyboard */ = {
			isa = PBXVariantGroup;
			children = (
				738AE68C2BD2BAE600A55595 /* Base */,
			);
			name = LaunchScreen.storyboard;
			sourceTree = "<group>";
		};
/* End PBXVariantGroup section */

/* Begin XCBuildConfiguration section */
		738AE6A52BD2BAE600A55595 /* Debug */ = {
			isa = XCBuildConfiguration;
			buildSettings = {
				ALWAYS_SEARCH_USER_PATHS = NO;
				ASSETCATALOG_COMPILER_GENERATE_SWIFT_ASSET_SYMBOL_EXTENSIONS = YES;
				CLANG_ANALYZER_NONNULL = YES;
				CLANG_ANALYZER_NUMBER_OBJECT_CONVERSION = YES_AGGRESSIVE;
				CLANG_CXX_LANGUAGE_STANDARD = "gnu++20";
				CLANG_ENABLE_MODULES = YES;
				CLANG_ENABLE_OBJC_ARC = YES;
				CLANG_ENABLE_OBJC_WEAK = YES;
				CLANG_WARN_BLOCK_CAPTURE_AUTORELEASING = YES;
				CLANG_WARN_BOOL_CONVERSION = YES;
				CLANG_WARN_COMMA = YES;
				CLANG_WARN_CONSTANT_CONVERSION = YES;
				CLANG_WARN_DEPRECATED_OBJC_IMPLEMENTATIONS = YES;
				CLANG_WARN_DIRECT_OBJC_ISA_USAGE = YES_ERROR;
				CLANG_WARN_DOCUMENTATION_COMMENTS = YES;
				CLANG_WARN_EMPTY_BODY = YES;
				CLANG_WARN_ENUM_CONVERSION = YES;
				CLANG_WARN_INFINITE_RECURSION = YES;
				CLANG_WARN_INT_CONVERSION = YES;
				CLANG_WARN_NON_LITERAL_NULL_CONVERSION = YES;
				CLANG_WARN_OBJC_IMPLICIT_RETAIN_SELF = YES;
				CLANG_WARN_OBJC_LITERAL_CONVERSION = YES;
				CLANG_WARN_OBJC_ROOT_CLASS = YES_ERROR;
				CLANG_WARN_QUOTED_INCLUDE_IN_FRAMEWORK_HEADER = YES;
				CLANG_WARN_RANGE_LOOP_ANALYSIS = YES;
				CLANG_WARN_STRICT_PROTOTYPES = YES;
				CLANG_WARN_SUSPICIOUS_MOVE = YES;
				CLANG_WARN_UNGUARDED_AVAILABILITY = YES_AGGRESSIVE;
				CLANG_WARN_UNREACHABLE_CODE = YES;
				CLANG_WARN__DUPLICATE_METHOD_MATCH = YES;
				COPY_PHASE_STRIP = NO;
				DEBUG_INFORMATION_FORMAT = dwarf;
				ENABLE_STRICT_OBJC_MSGSEND = YES;
				ENABLE_TESTABILITY = YES;
				ENABLE_USER_SCRIPT_SANDBOXING = YES;
				GCC_C_LANGUAGE_STANDARD = gnu17;
				GCC_DYNAMIC_NO_PIC = NO;
				GCC_NO_COMMON_BLOCKS = YES;
				GCC_OPTIMIZATION_LEVEL = 0;
				GCC_PREPROCESSOR_DEFINITIONS = (
					"DEBUG=1",
					"$(inherited)",
				);
				GCC_WARN_64_TO_32_BIT_CONVERSION = YES;
				GCC_WARN_ABOUT_RETURN_TYPE = YES_ERROR;
				GCC_WARN_UNDECLARED_SELECTOR = YES;
				GCC_WARN_UNINITIALIZED_AUTOS = YES_AGGRESSIVE;
				GCC_WARN_UNUSED_FUNCTION = YES;
				GCC_WARN_UNUSED_VARIABLE = YES;
				IPHONEOS_DEPLOYMENT_TARGET = 17.0;
				LOCALIZATION_PREFERS_STRING_CATALOGS = YES;
				MTL_ENABLE_DEBUG_INFO = INCLUDE_SOURCE;
				MTL_FAST_MATH = YES;
				ONLY_ACTIVE_ARCH = YES;
				SDKROOT = iphoneos;
				SWIFT_ACTIVE_COMPILATION_CONDITIONS = "DEBUG $(inherited)";
				SWIFT_OPTIMIZATION_LEVEL = "-Onone";
			};
			name = Debug;
		};
		738AE6A62BD2BAE600A55595 /* Release */ = {
			isa = XCBuildConfiguration;
			buildSettings = {
				ALWAYS_SEARCH_USER_PATHS = NO;
				ASSETCATALOG_COMPILER_GENERATE_SWIFT_ASSET_SYMBOL_EXTENSIONS = YES;
				CLANG_ANALYZER_NONNULL = YES;
				CLANG_ANALYZER_NUMBER_OBJECT_CONVERSION = YES_AGGRESSIVE;
				CLANG_CXX_LANGUAGE_STANDARD = "gnu++20";
				CLANG_ENABLE_MODULES = YES;
				CLANG_ENABLE_OBJC_ARC = YES;
				CLANG_ENABLE_OBJC_WEAK = YES;
				CLANG_WARN_BLOCK_CAPTURE_AUTORELEASING = YES;
				CLANG_WARN_BOOL_CONVERSION = YES;
				CLANG_WARN_COMMA = YES;
				CLANG_WARN_CONSTANT_CONVERSION = YES;
				CLANG_WARN_DEPRECATED_OBJC_IMPLEMENTATIONS = YES;
				CLANG_WARN_DIRECT_OBJC_ISA_USAGE = YES_ERROR;
				CLANG_WARN_DOCUMENTATION_COMMENTS = YES;
				CLANG_WARN_EMPTY_BODY = YES;
				CLANG_WARN_ENUM_CONVERSION = YES;
				CLANG_WARN_INFINITE_RECURSION = YES;
				CLANG_WARN_INT_CONVERSION = YES;
				CLANG_WARN_NON_LITERAL_NULL_CONVERSION = YES;
				CLANG_WARN_OBJC_IMPLICIT_RETAIN_SELF = YES;
				CLANG_WARN_OBJC_LITERAL_CONVERSION = YES;
				CLANG_WARN_OBJC_ROOT_CLASS = YES_ERROR;
				CLANG_WARN_QUOTED_INCLUDE_IN_FRAMEWORK_HEADER = YES;
				CLANG_WARN_RANGE_LOOP_ANALYSIS = YES;
				CLANG_WARN_STRICT_PROTOTYPES = YES;
				CLANG_WARN_SUSPICIOUS_MOVE = YES;
				CLANG_WARN_UNGUARDED_AVAILABILITY = YES_AGGRESSIVE;
				CLANG_WARN_UNREACHABLE_CODE = YES;
				CLANG_WARN__DUPLICATE_METHOD_MATCH = YES;
				COPY_PHASE_STRIP = NO;
				DEBUG_INFORMATION_FORMAT = "dwarf-with-dsym";
				ENABLE_NS_ASSERTIONS = NO;
				ENABLE_STRICT_OBJC_MSGSEND = YES;
				ENABLE_USER_SCRIPT_SANDBOXING = YES;
				GCC_C_LANGUAGE_STANDARD = gnu17;
				GCC_NO_COMMON_BLOCKS = YES;
				GCC_WARN_64_TO_32_BIT_CONVERSION = YES;
				GCC_WARN_ABOUT_RETURN_TYPE = YES_ERROR;
				GCC_WARN_UNDECLARED_SELECTOR = YES;
				GCC_WARN_UNINITIALIZED_AUTOS = YES_AGGRESSIVE;
				GCC_WARN_UNUSED_FUNCTION = YES;
				GCC_WARN_UNUSED_VARIABLE = YES;
				IPHONEOS_DEPLOYMENT_TARGET = 17.0;
				LOCALIZATION_PREFERS_STRING_CATALOGS = YES;
				MTL_ENABLE_DEBUG_INFO = NO;
				MTL_FAST_MATH = YES;
				SDKROOT = iphoneos;
				SWIFT_COMPILATION_MODE = wholemodule;
				VALIDATE_PRODUCT = YES;
			};
			name = Release;
		};
		738AE6A82BD2BAE600A55595 /* Debug */ = {
			isa = XCBuildConfiguration;
			buildSettings = {
				ASSETCATALOG_COMPILER_APPICON_NAME = AppIcon;
				ASSETCATALOG_COMPILER_GLOBAL_ACCENT_COLOR_NAME = AccentColor;
				CODE_SIGN_STYLE = Automatic;
				CURRENT_PROJECT_VERSION = 1;
				DEVELOPMENT_TEAM = VS5A9QFHJ4;
				GENERATE_INFOPLIST_FILE = YES;
				INFOPLIST_FILE = LetsMixIt/Info.plist;
				INFOPLIST_KEY_UIApplicationSupportsIndirectInputEvents = YES;
				INFOPLIST_KEY_UILaunchStoryboardName = LaunchScreen;
				INFOPLIST_KEY_UISupportedInterfaceOrientations_iPad = "UIInterfaceOrientationPortrait UIInterfaceOrientationPortraitUpsideDown UIInterfaceOrientationLandscapeLeft UIInterfaceOrientationLandscapeRight";
				INFOPLIST_KEY_UISupportedInterfaceOrientations_iPhone = "UIInterfaceOrientationPortrait UIInterfaceOrientationLandscapeLeft UIInterfaceOrientationLandscapeRight";
				LD_RUNPATH_SEARCH_PATHS = (
					"$(inherited)",
					"@executable_path/Frameworks",
				);
				MARKETING_VERSION = 1.0;
				PRODUCT_BUNDLE_IDENTIFIER = "-.LetsMixIt";
				PRODUCT_NAME = "$(TARGET_NAME)";
				SWIFT_EMIT_LOC_STRINGS = YES;
				SWIFT_VERSION = 5.0;
				TARGETED_DEVICE_FAMILY = "1,2";
			};
			name = Debug;
		};
		738AE6A92BD2BAE600A55595 /* Release */ = {
			isa = XCBuildConfiguration;
			buildSettings = {
				ASSETCATALOG_COMPILER_APPICON_NAME = AppIcon;
				ASSETCATALOG_COMPILER_GLOBAL_ACCENT_COLOR_NAME = AccentColor;
				CODE_SIGN_STYLE = Automatic;
				CURRENT_PROJECT_VERSION = 1;
				DEVELOPMENT_TEAM = VS5A9QFHJ4;
				GENERATE_INFOPLIST_FILE = YES;
				INFOPLIST_FILE = LetsMixIt/Info.plist;
				INFOPLIST_KEY_UIApplicationSupportsIndirectInputEvents = YES;
				INFOPLIST_KEY_UILaunchStoryboardName = LaunchScreen;
				INFOPLIST_KEY_UISupportedInterfaceOrientations_iPad = "UIInterfaceOrientationPortrait UIInterfaceOrientationPortraitUpsideDown UIInterfaceOrientationLandscapeLeft UIInterfaceOrientationLandscapeRight";
				INFOPLIST_KEY_UISupportedInterfaceOrientations_iPhone = "UIInterfaceOrientationPortrait UIInterfaceOrientationLandscapeLeft UIInterfaceOrientationLandscapeRight";
				LD_RUNPATH_SEARCH_PATHS = (
					"$(inherited)",
					"@executable_path/Frameworks",
				);
				MARKETING_VERSION = 1.0;
				PRODUCT_BUNDLE_IDENTIFIER = "-.LetsMixIt";
				PRODUCT_NAME = "$(TARGET_NAME)";
				SWIFT_EMIT_LOC_STRINGS = YES;
				SWIFT_VERSION = 5.0;
				TARGETED_DEVICE_FAMILY = "1,2";
			};
			name = Release;
		};
		738AE6AB2BD2BAE600A55595 /* Debug */ = {
			isa = XCBuildConfiguration;
			buildSettings = {
				ALWAYS_EMBED_SWIFT_STANDARD_LIBRARIES = YES;
				BUNDLE_LOADER = "$(TEST_HOST)";
				CODE_SIGN_STYLE = Automatic;
				CURRENT_PROJECT_VERSION = 1;
				DEVELOPMENT_TEAM = VS5A9QFHJ4;
				GENERATE_INFOPLIST_FILE = YES;
				IPHONEOS_DEPLOYMENT_TARGET = 17.0;
				MARKETING_VERSION = 1.0;
				PRODUCT_BUNDLE_IDENTIFIER = "-.LetsMixItTests";
				PRODUCT_NAME = "$(TARGET_NAME)";
				SWIFT_EMIT_LOC_STRINGS = NO;
				SWIFT_VERSION = 5.0;
				TARGETED_DEVICE_FAMILY = "1,2";
				TEST_HOST = "$(BUILT_PRODUCTS_DIR)/LetsMixIt.app/$(BUNDLE_EXECUTABLE_FOLDER_PATH)/LetsMixIt";
			};
			name = Debug;
		};
		738AE6AC2BD2BAE600A55595 /* Release */ = {
			isa = XCBuildConfiguration;
			buildSettings = {
				ALWAYS_EMBED_SWIFT_STANDARD_LIBRARIES = YES;
				BUNDLE_LOADER = "$(TEST_HOST)";
				CODE_SIGN_STYLE = Automatic;
				CURRENT_PROJECT_VERSION = 1;
				DEVELOPMENT_TEAM = VS5A9QFHJ4;
				GENERATE_INFOPLIST_FILE = YES;
				IPHONEOS_DEPLOYMENT_TARGET = 17.0;
				MARKETING_VERSION = 1.0;
				PRODUCT_BUNDLE_IDENTIFIER = "-.LetsMixItTests";
				PRODUCT_NAME = "$(TARGET_NAME)";
				SWIFT_EMIT_LOC_STRINGS = NO;
				SWIFT_VERSION = 5.0;
				TARGETED_DEVICE_FAMILY = "1,2";
				TEST_HOST = "$(BUILT_PRODUCTS_DIR)/LetsMixIt.app/$(BUNDLE_EXECUTABLE_FOLDER_PATH)/LetsMixIt";
			};
			name = Release;
		};
		738AE6AE2BD2BAE600A55595 /* Debug */ = {
			isa = XCBuildConfiguration;
			buildSettings = {
				ALWAYS_EMBED_SWIFT_STANDARD_LIBRARIES = YES;
				CODE_SIGN_STYLE = Automatic;
				CURRENT_PROJECT_VERSION = 1;
				DEVELOPMENT_TEAM = VS5A9QFHJ4;
				GENERATE_INFOPLIST_FILE = YES;
				MARKETING_VERSION = 1.0;
				PRODUCT_BUNDLE_IDENTIFIER = "-.LetsMixItUITests";
				PRODUCT_NAME = "$(TARGET_NAME)";
				SWIFT_EMIT_LOC_STRINGS = NO;
				SWIFT_VERSION = 5.0;
				TARGETED_DEVICE_FAMILY = "1,2";
				TEST_TARGET_NAME = LetsMixIt;
			};
			name = Debug;
		};
		738AE6AF2BD2BAE600A55595 /* Release */ = {
			isa = XCBuildConfiguration;
			buildSettings = {
				ALWAYS_EMBED_SWIFT_STANDARD_LIBRARIES = YES;
				CODE_SIGN_STYLE = Automatic;
				CURRENT_PROJECT_VERSION = 1;
				DEVELOPMENT_TEAM = VS5A9QFHJ4;
				GENERATE_INFOPLIST_FILE = YES;
				MARKETING_VERSION = 1.0;
				PRODUCT_BUNDLE_IDENTIFIER = "-.LetsMixItUITests";
				PRODUCT_NAME = "$(TARGET_NAME)";
				SWIFT_EMIT_LOC_STRINGS = NO;
				SWIFT_VERSION = 5.0;
				TARGETED_DEVICE_FAMILY = "1,2";
				TEST_TARGET_NAME = LetsMixIt;
			};
			name = Release;
		};
/* End XCBuildConfiguration section */

/* Begin XCConfigurationList section */
		738AE6782BD2BAE500A55595 /* Build configuration list for PBXProject "LetsMixIt" */ = {
			isa = XCConfigurationList;
			buildConfigurations = (
				738AE6A52BD2BAE600A55595 /* Debug */,
				738AE6A62BD2BAE600A55595 /* Release */,
			);
			defaultConfigurationIsVisible = 0;
			defaultConfigurationName = Release;
		};
		738AE6A72BD2BAE600A55595 /* Build configuration list for PBXNativeTarget "LetsMixIt" */ = {
			isa = XCConfigurationList;
			buildConfigurations = (
				738AE6A82BD2BAE600A55595 /* Debug */,
				738AE6A92BD2BAE600A55595 /* Release */,
			);
			defaultConfigurationIsVisible = 0;
			defaultConfigurationName = Release;
		};
		738AE6AA2BD2BAE600A55595 /* Build configuration list for PBXNativeTarget "LetsMixItTests" */ = {
			isa = XCConfigurationList;
			buildConfigurations = (
				738AE6AB2BD2BAE600A55595 /* Debug */,
				738AE6AC2BD2BAE600A55595 /* Release */,
			);
			defaultConfigurationIsVisible = 0;
			defaultConfigurationName = Release;
		};
		738AE6AD2BD2BAE600A55595 /* Build configuration list for PBXNativeTarget "LetsMixItUITests" */ = {
			isa = XCConfigurationList;
			buildConfigurations = (
				738AE6AE2BD2BAE600A55595 /* Debug */,
				738AE6AF2BD2BAE600A55595 /* Release */,
			);
			defaultConfigurationIsVisible = 0;
			defaultConfigurationName = Release;
		};
/* End XCConfigurationList section */
	};
	rootObject = 738AE6752BD2BAE500A55595 /* Project object */;
}
